
Microsoft Visual Studio Solution File, Format Version 12.00
# Visual Studio Version 16
VisualStudioVersion = 16.0.32802.440
MinimumVisualStudioVersion = 10.0.40219.1
Project("{FAE04EC0-301F-11D3-BF4B-00C04F79EFBC}") = "Mobile_Repairs_Mohamed_Ebrahim", "Mobile_Repairs_Mohamed_Ebrahim\Mobile_Repairs_Mohamed_Ebrahim.csproj", "{16EAA043-9EC6-4216-B670-5A73D1B2E6D6}"
EndProject
Global
	GlobalSection(SolutionConfigurationPlatforms) = preSolution
		Debug|Any CPU = Debug|Any CPU
		Release|Any CPU = Release|Any CPU
	EndGlobalSection
	GlobalSection(ProjectConfigurationPlatforms) = postSolution
		{16EAA043-9EC6-4216-B670-5A73D1B2E6D6}.Debug|Any CPU.ActiveCfg = Debug|Any CPU
		{16EAA043-9EC6-4216-B670-5A73D1B2E6D6}.Debug|Any CPU.Build.0 = Debug|Any CPU
		{16EAA043-9EC6-4216-B670-5A73D1B2E6D6}.Release|Any CPU.ActiveCfg = Release|Any CPU
		{16EAA043-9EC6-4216-B670-5A73D1B2E6D6}.Release|Any CPU.Build.0 = Release|Any CPU
	EndGlobalSection
	GlobalSection(SolutionProperties) = preSolution
		HideSolutionNode = FALSE
	EndGlobalSection
	GlobalSection(ExtensibilityGlobals) = postSolution
		SolutionGuid = {D8F24DA3-EECF-4C5C-8B5F-9342FFCB65CE}
	EndGlobalSection
EndGlobal
